
Microsoft Visual Studio Solution File, Format Version 12.00
# Visual Studio Version 17
VisualStudioVersion = 17.3.32922.545
MinimumVisualStudioVersion = 10.0.40219.1
Project("{FAE04EC0-301F-11D3-BF4B-00C04F79EFBC}") = "assignment_1", "assignment_1\assignment_1.csproj", "{EFBF26C0-4C6C-484D-9B69-CE56C53E74B7}"
EndProject
Global
	GlobalSection(SolutionConfigurationPlatforms) = preSolution
		Debug|Any CPU = Debug|Any CPU
		Release|Any CPU = Release|Any CPU
	EndGlobalSection
	GlobalSection(ProjectConfigurationPlatforms) = postSolution
		{EFBF26C0-4C6C-484D-9B69-CE56C53E74B7}.Debug|Any CPU.ActiveCfg = Debug|Any CPU
		{EFBF26C0-4C6C-484D-9B69-CE56C53E74B7}.Debug|Any CPU.Build.0 = Debug|Any CPU
		{EFBF26C0-4C6C-484D-9B69-CE56C53E74B7}.Release|Any CPU.ActiveCfg = Release|Any CPU
		{EFBF26C0-4C6C-484D-9B69-CE56C53E74B7}.Release|Any CPU.Build.0 = Release|Any CPU
	EndGlobalSection
	GlobalSection(SolutionProperties) = preSolution
		HideSolutionNode = FALSE
	EndGlobalSection
	GlobalSection(ExtensibilityGlobals) = postSolution
		SolutionGuid = {D8E7F131-9E15-4DD0-914C-AFEBDEC5F82A}
	EndGlobalSection
EndGlobal
